
Microsoft Visual Studio Solution File, Format Version 12.00
# Visual Studio 15
Project("{FAE04EC0-301F-11D3-BF4B-00C04F79EFBC}") = "KartGame", "KartGame.csproj", "{723F8442-C54C-06DF-5170-ECC4F9A9F532}"
EndProject
Project("{FAE04EC0-301F-11D3-BF4B-00C04F79EFBC}") = "KartGame.AI", "KartGame.AI.csproj", "{3FC92C0F-5ED3-EE82-BCFD-D89824792215}"
EndProject
Project("{FAE04EC0-301F-11D3-BF4B-00C04F79EFBC}") = "Assembly-CSharp", "Assembly-CSharp.csproj", "{A04638B5-1C32-B22E-4AFE-DB51D558E946}"
EndProject
Project("{FAE04EC0-301F-11D3-BF4B-00C04F79EFBC}") = "Unity.Microgame.Tutorials", "Unity.Microgame.Tutorials.csproj", "{9A251BF8-4DAB-2B26-802D-97693CFB7233}"
EndProject
Project("{FAE04EC0-301F-11D3-BF4B-00C04F79EFBC}") = "KartGame.AI.Editor", "KartGame.AI.Editor.csproj", "{8368AB15-F8E9-461F-68E2-AAB9DE86CFAC}"
EndProject
Project("{FAE04EC0-301F-11D3-BF4B-00C04F79EFBC}") = "KartGame.Editor", "KartGame.Editor.csproj", "{A2995798-290F-B69E-CF31-22A6F202222D}"
EndProject
Project("{FAE04EC0-301F-11D3-BF4B-00C04F79EFBC}") = "Unity.Karting.Tutorials", "Unity.Karting.Tutorials.csproj", "{8D677798-8DE7-A4F7-0AA1-344B2F097A7C}"
EndProject
Global
	GlobalSection(SolutionConfigurationPlatforms) = preSolution
		Debug|Any CPU = Debug|Any CPU
		Release|Any CPU = Release|Any CPU
	EndGlobalSection
	GlobalSection(ProjectConfigurationPlatforms) = postSolution
		{723F8442-C54C-06DF-5170-ECC4F9A9F532}.Debug|Any CPU.ActiveCfg = Debug|Any CPU
		{723F8442-C54C-06DF-5170-ECC4F9A9F532}.Debug|Any CPU.Build.0 = Debug|Any CPU
		{723F8442-C54C-06DF-5170-ECC4F9A9F532}.Release|Any CPU.ActiveCfg = Release|Any CPU
		{723F8442-C54C-06DF-5170-ECC4F9A9F532}.Release|Any CPU.Build.0 = Release|Any CPU
		{3FC92C0F-5ED3-EE82-BCFD-D89824792215}.Debug|Any CPU.ActiveCfg = Debug|Any CPU
		{3FC92C0F-5ED3-EE82-BCFD-D89824792215}.Debug|Any CPU.Build.0 = Debug|Any CPU
		{3FC92C0F-5ED3-EE82-BCFD-D89824792215}.Release|Any CPU.ActiveCfg = Release|Any CPU
		{3FC92C0F-5ED3-EE82-BCFD-D89824792215}.Release|Any CPU.Build.0 = Release|Any CPU
		{A04638B5-1C32-B22E-4AFE-DB51D558E946}.Debug|Any CPU.ActiveCfg = Debug|Any CPU
		{A04638B5-1C32-B22E-4AFE-DB51D558E946}.Debug|Any CPU.Build.0 = Debug|Any CPU
		{A04638B5-1C32-B22E-4AFE-DB51D558E946}.Release|Any CPU.ActiveCfg = Release|Any CPU
		{A04638B5-1C32-B22E-4AFE-DB51D558E946}.Release|Any CPU.Build.0 = Release|Any CPU
		{9A251BF8-4DAB-2B26-802D-97693CFB7233}.Debug|Any CPU.ActiveCfg = Debug|Any CPU
		{9A251BF8-4DAB-2B26-802D-97693CFB7233}.Debug|Any CPU.Build.0 = Debug|Any CPU
		{9A251BF8-4DAB-2B26-802D-97693CFB7233}.Release|Any CPU.ActiveCfg = Release|Any CPU
		{9A251BF8-4DAB-2B26-802D-97693CFB7233}.Release|Any CPU.Build.0 = Release|Any CPU
		{8368AB15-F8E9-461F-68E2-AAB9DE86CFAC}.Debug|Any CPU.ActiveCfg = Debug|Any CPU
		{8368AB15-F8E9-461F-68E2-AAB9DE86CFAC}.Debug|Any CPU.Build.0 = Debug|Any CPU
		{8368AB15-F8E9-461F-68E2-AAB9DE86CFAC}.Release|Any CPU.ActiveCfg = Release|Any CPU
		{8368AB15-F8E9-461F-68E2-AAB9DE86CFAC}.Release|Any CPU.Build.0 = Release|Any CPU
		{A2995798-290F-B69E-CF31-22A6F202222D}.Debug|Any CPU.ActiveCfg = Debug|Any CPU
		{A2995798-290F-B69E-CF31-22A6F202222D}.Debug|Any CPU.Build.0 = Debug|Any CPU
		{A2995798-290F-B69E-CF31-22A6F202222D}.Release|Any CPU.ActiveCfg = Release|Any CPU
		{A2995798-290F-B69E-CF31-22A6F202222D}.Release|Any CPU.Build.0 = Release|Any CPU
		{8D677798-8DE7-A4F7-0AA1-344B2F097A7C}.Debug|Any CPU.ActiveCfg = Debug|Any CPU
		{8D677798-8DE7-A4F7-0AA1-344B2F097A7C}.Debug|Any CPU.Build.0 = Debug|Any CPU
		{8D677798-8DE7-A4F7-0AA1-344B2F097A7C}.Release|Any CPU.ActiveCfg = Release|Any CPU
		{8D677798-8DE7-A4F7-0AA1-344B2F097A7C}.Release|Any CPU.Build.0 = Release|Any CPU
	EndGlobalSection
	GlobalSection(SolutionProperties) = preSolution
		HideSolutionNode = FALSE
	EndGlobalSection
EndGlobal
